
Microsoft Visual Studio Solution File, Format Version 12.00
# Visual Studio Version 17
VisualStudioVersion = 17.5.33627.172
MinimumVisualStudioVersion = 10.0.40219.1
Project("{FAE04EC0-301F-11D3-BF4B-00C04F79EFBC}") = "SalesWebMvc", "SalesWebMvc\SalesWebMvc.csproj", "{FF1A893B-578D-4D1B-B687-52F6509AE5A7}"
EndProject
Global
	GlobalSection(SolutionConfigurationPlatforms) = preSolution
		Debug|Any CPU = Debug|Any CPU
		Release|Any CPU = Release|Any CPU
	EndGlobalSection
	GlobalSection(ProjectConfigurationPlatforms) = postSolution
		{FF1A893B-578D-4D1B-B687-52F6509AE5A7}.Debug|Any CPU.ActiveCfg = Debug|Any CPU
		{FF1A893B-578D-4D1B-B687-52F6509AE5A7}.Debug|Any CPU.Build.0 = Debug|Any CPU
		{FF1A893B-578D-4D1B-B687-52F6509AE5A7}.Release|Any CPU.ActiveCfg = Release|Any CPU
		{FF1A893B-578D-4D1B-B687-52F6509AE5A7}.Release|Any CPU.Build.0 = Release|Any CPU
	EndGlobalSection
	GlobalSection(SolutionProperties) = preSolution
		HideSolutionNode = FALSE
	EndGlobalSection
	GlobalSection(ExtensibilityGlobals) = postSolution
		SolutionGuid = {A663149E-4F4C-4B8E-87E3-62EBB98D55AD}
	EndGlobalSection
EndGlobal
